github.com/gorilla/websocket v1.4.2 h1:+/TMaTYc4QFitKJxsQ7Yye35DkWvkdLcvGKqM+x0Ufc=
github.com/gorilla/websocket v1.4.2/go.mod h1:YR8l580nyteQvAITg2hZ9XVh4b55+EU/adAjf1fMHhE=
github.com/mattn/go-isatty v0.0.7 h1:UvyT9uN+3r7yLEYSlJsbQGdsaB/a0DlgWP3pql6iwOc=
github.com/mattn/go-isatty v0.0.7/go.mod h1:Iq45c/XA43vh69/j3iqttzPXn0bhXyGjM0Hdxcsrc5s=
github.com/smartwalle/log4go v1.0.4 h1:VSu2cWZZgBnFViNwf28I9HXT/KEhZ10FoKAQHxxU22Y=
github.com/smartwalle/log4go v1.0.4/go.mod h1:VWki4hNafkDl2cRHxAYaNXqwxxDi9mCN3AY9oaDG7ME=
github.com/smartwalle/mail4go v1.0.0 h1:MMOegzxDGKg1VsW34Qzn1ixwBS3Y+YYed/YVCrhlk3A=
github.com/smartwalle/mail4go v1.0.0/go.mod h1:dZ42Jqnc7ob46j5imF1BOmKwKL1dkOl2+X396uuNI84=
github.com/smartwalle/net4go v0.0.33 h1:7YIvK2Lz8h8d2NqhdBZiVIX27M/Np0wWpxOkm6vqX9s=
github.com/smartwalle/net4go v0.0.33/go.mod h1:6R+zGr2Ugz/voywQsiCAUWkb3ul9cvYjI+0potuaLNU=
github.com/smartwalle/net4go v0.0.34 h1:JkfYwNYLKVXfNjvxsNPsOA0jAwG8oX+ETDGhhJ9CgAw=
github.com/smartwalle/net4go v0.0.34/go.mod h1:6R+zGr2Ugz/voywQsiCAUWkb3ul9cvYjI+0potuaLNU=
github.com/smartwalle/net4go v0.0.35 h1:k/LnIYQurQMHUEgxUzSzr85ClrubIXqWt57VytPoIS0=
github.com/smartwalle/net4go v0.0.35/go.mod h1:6R+zGr2Ugz/voywQsiCAUWkb3ul9cvYjI+0potuaLNU=
github.com/smartwalle/net4go v0.0.37 h1:SqE0hQbyBLQbnPPwxdkQRuhp5vOlkqsIw9x+cFvnWoo=
github.com/smartwalle/net4go v0.0.37/go.mod h1:6R+zGr2Ugz/voywQsiCAUWkb3ul9cvYjI+0potuaLNU=
github.com/smartwalle/net4go v0.0.39 h1:LLutgQSqCoaDt1n8mmQvbSTnVYmh/IDwVn++O1r36rk=
github.com/smartwalle/net4go v0.0.39/go.mod h1:6R+zGr2Ugz/voywQsiCAUWkb3ul9cvYjI+0potuaLNU=
github.com/smartwalle/net4go v0.0.40 h1:Uo8wlwhD23fENpoSCmTfQUTurvC3gdrkGX4kus0BQ/k=
github.com/smartwalle/net4go v0.0.40/go.mod h1:6R+zGr2Ugz/voywQsiCAUWkb3ul9cvYjI+0potuaLNU=
github.com/smartwalle/net4go v0.0.42 h1:eeUO7NVl6rNANHz2n5IPMDJf63xp3nIGXAKs6bywaCs=
github.com/smartwalle/net4go v0.0.42/go.mod h1:6R+zGr2Ugz/voywQsiCAUWkb3ul9cvYjI+0potuaLNU=
github.com/smartwalle/net4go v0.0.44 h1:vNQ7TP0poFexSHXRwZOFt6hA9gjPaWuYtJH6Qexpay0=
github.com/smartwalle/net4go v0.0.44/go.mod h1:6R+zGr2Ugz/voywQsiCAUWkb3ul9cvYjI+0potuaLNU=
github.com/smartwalle/net4go v0.0.45 h1:4xsD5SkOwdUC+9zHBb7/XaTVDA7LVEwi9405llFpS9Q=
github.com/smartwalle/net4go v0.0.45/go.mod h1:6R+zGr2Ugz/voywQsiCAUWkb3ul9cvYjI+0potuaLNU=
github.com/smartwalle/net4go v0.0.46 h1:ZadYDF1s6tawwXtv19Iv8tX302XPx6U8XDFWlpyTA4w=
github.com/smartwalle/net4go v0.0.46/go.mod h1:6R+zGr2Ugz/voywQsiCAUWkb3ul9cvYjI+0potuaLNU=
github.com/smartwalle/net4go v0.0.47 h1:Ohpu+woOeuKSBp0dYG/FOQcb+XdXtQuqdFWkMZptwgk=
github.com/smartwalle/net4go v0.0.47/go.mod h1:6R+zGr2Ugz/voywQsiCAUWkb3ul9cvYjI+0potuaLNU=
github.com/smartwalle/net4go v0.0.48 h1:AXkMjinht5poG4DXUVr0Q6pPQwrEFuPO6PF7Wtd36V4=
github.com/smartwalle/net4go v0.0.48/go.mod h1:6R+zGr2Ugz/voywQsiCAUWkb3ul9cvYjI+0potuaLNU=
github.com/smartwalle/net4go v0.0.49 h1:9k9VrdnGNqUBiixo+PTy+hOHXFks736w2I6Ke+5b0q0=
github.com/smartwalle/net4go v0.0.49/go.mod h1:YyLP5zmczM5D3k5PsvAwhxSBkulOwpjE/o44QSFtYAo=
github.com/smartwalle/net4go v0.0.50 h1:X10B2Ky5vtSZtmE9uKOnYzJYDZH0zYL7JuehZbmJmwM=
github.com/smartwalle/net4go v0.0.50/go.mod h1:/1/htyhliAVYvSEvAB9ueU8iWQfWvnMNtdPuTWz5FDY=
github.com/smartwalle/net4go v0.0.51 h1:3yL7xu9/9FRwN86aAjBu35Wfo2PDSOnivdNmUaIxj2Q=
github.com/smartwalle/net4go v0.0.51/go.mod h1:gzSN2xADMI/Zn8wxnDMK5sMfweOjARMpbAzkSicXBrs=
github.com/smartwalle/net4go v0.0.52 h1:i1hJMN7+E7ctSiH47B82oQFLTunS6zMo+UlwqYP8KH8=
github.com/smartwalle/net4go v0.0.52/go.mod h1:qc9caFSAuayH0Fl7GkIg6vc1HvRPQm9zIvdFyA6CPG0=
github.com/smartwalle/net4go/ws v0.0.22 h1:NdfQbcwGhzRC2fNSPXKFIIAqoR05NTISlLuSWIbGlac=
github.com/smartwalle/net4go/ws v0.0.22/go.mod h1:14VeLzOfKGkL+3AFrLG41V8zf3FMHgJRaHuch4AE/4k=
github.com/smartwalle/queue v0.0.2 h1:vMi8pBDlTY1HtWI/utkDyroVC72cI0MggqC26zTGo4k=
github.com/smartwalle/queue v0.0.2/go.mod h1:zMEHt/7zLtVwATDUQi3OdBUlbQ2XUzWd7OXP8p/684c=
github.com/smartwalle/queue v0.0.3 h1:6QpTliu/gS2vdk/vXXDU8WEcC0/d/M/Ft+xXxkv9kRw=
github.com/smartwalle/queue v0.0.3/go.mod h1:zMEHt/7zLtVwATDUQi3OdBUlbQ2XUzWd7OXP8p/684c=
github.com/smartwalle/queue v0.0.4 h1:h2YfM/I1yjPOQjMkhPOVuN5cSk62fRPqzqhlyZ/5zDA=
github.com/smartwalle/queue v0.0.4/go.mod h1:zMEHt/7zLtVwATDUQi3OdBUlbQ2XUzWd7OXP8p/684c=
golang.org/x/sys v0.0.0-20190222072716-a9d3bda3a223 h1:DH4skfRX4EBpamg7iV4ZlCpblAHI6s6TDM39bFZumv8=
golang.org/x/sys v0.0.0-20190222072716-a9d3bda3a223/go.mod h1:STP8DvDyc/dI5b8T5hshtkjS+E42TnysNCUPdjciGhY=
