github.com/smartwalle/net4go v0.0.33 h1:7YIvK2Lz8h8d2NqhdBZiVIX27M/Np0wWpxOkm6vqX9s=
github.com/smartwalle/net4go v0.0.33/go.mod h1:6R+zGr2Ugz/voywQsiCAUWkb3ul9cvYjI+0potuaLNU=
github.com/smartwalle/net4go v0.0.34 h1:JkfYwNYLKVXfNjvxsNPsOA0jAwG8oX+ETDGhhJ9CgAw=
github.com/smartwalle/net4go v0.0.34/go.mod h1:6R+zGr2Ugz/voywQsiCAUWkb3ul9cvYjI+0potuaLNU=
github.com/smartwalle/net4go v0.0.35 h1:k/LnIYQurQMHUEgxUzSzr85ClrubIXqWt57VytPoIS0=
github.com/smartwalle/net4go v0.0.35/go.mod h1:6R+zGr2Ugz/voywQsiCAUWkb3ul9cvYjI+0potuaLNU=
github.com/smartwalle/net4go v0.0.37 h1:SqE0hQbyBLQbnPPwxdkQRuhp5vOlkqsIw9x+cFvnWoo=
github.com/smartwalle/net4go v0.0.37/go.mod h1:6R+zGr2Ugz/voywQsiCAUWkb3ul9cvYjI+0potuaLNU=
github.com/smartwalle/net4go v0.0.39 h1:LLutgQSqCoaDt1n8mmQvbSTnVYmh/IDwVn++O1r36rk=
github.com/smartwalle/net4go v0.0.39/go.mod h1:6R+zGr2Ugz/voywQsiCAUWkb3ul9cvYjI+0potuaLNU=
github.com/smartwalle/net4go v0.0.40 h1:Uo8wlwhD23fENpoSCmTfQUTurvC3gdrkGX4kus0BQ/k=
github.com/smartwalle/net4go v0.0.40/go.mod h1:6R+zGr2Ugz/voywQsiCAUWkb3ul9cvYjI+0potuaLNU=
github.com/smartwalle/net4go v0.0.42 h1:eeUO7NVl6rNANHz2n5IPMDJf63xp3nIGXAKs6bywaCs=
github.com/smartwalle/net4go v0.0.42/go.mod h1:6R+zGr2Ugz/voywQsiCAUWkb3ul9cvYjI+0potuaLNU=
github.com/smartwalle/net4go v0.0.44 h1:vNQ7TP0poFexSHXRwZOFt6hA9gjPaWuYtJH6Qexpay0=
github.com/smartwalle/net4go v0.0.44/go.mod h1:6R+zGr2Ugz/voywQsiCAUWkb3ul9cvYjI+0potuaLNU=
github.com/smartwalle/net4go v0.0.45 h1:4xsD5SkOwdUC+9zHBb7/XaTVDA7LVEwi9405llFpS9Q=
github.com/smartwalle/net4go v0.0.45/go.mod h1:6R+zGr2Ugz/voywQsiCAUWkb3ul9cvYjI+0potuaLNU=
github.com/smartwalle/net4go v0.0.46 h1:ZadYDF1s6tawwXtv19Iv8tX302XPx6U8XDFWlpyTA4w=
github.com/smartwalle/net4go v0.0.46/go.mod h1:6R+zGr2Ugz/voywQsiCAUWkb3ul9cvYjI+0potuaLNU=
